
Microsoft Visual Studio Solution File, Format Version 12.00
# Visual Studio Version 17
VisualStudioVersion = 17.13.35825.156
MinimumVisualStudioVersion = 10.0.40219.1
Project("{FAE04EC0-301F-11D3-BF4B-00C04F79EFBC}") = "WBM_API", "WBM_API.csproj", "{69E723C3-39D8-44BF-B665-57D604B82028}"
EndProject
Global
	GlobalSection(SolutionConfigurationPlatforms) = preSolution
		Debug|Any CPU = Debug|Any CPU
		Release|Any CPU = Release|Any CPU
	EndGlobalSection
	GlobalSection(ProjectConfigurationPlatforms) = postSolution
		{69E723C3-39D8-44BF-B665-57D604B82028}.Debug|Any CPU.ActiveCfg = Debug|Any CPU
		{69E723C3-39D8-44BF-B665-57D604B82028}.Debug|Any CPU.Build.0 = Debug|Any CPU
		{69E723C3-39D8-44BF-B665-57D604B82028}.Release|Any CPU.ActiveCfg = Release|Any CPU
		{69E723C3-39D8-44BF-B665-57D604B82028}.Release|Any CPU.Build.0 = Release|Any CPU
	EndGlobalSection
	GlobalSection(SolutionProperties) = preSolution
		HideSolutionNode = FALSE
	EndGlobalSection
	GlobalSection(ExtensibilityGlobals) = postSolution
		SolutionGuid = {CE98ACA8-688C-4747-A792-862A31B6091D}
	EndGlobalSection
EndGlobal
